
Microsoft Visual Studio Solution File, Format Version 12.00
# Visual Studio Version 16
VisualStudioVersion = 16.0.34301.259
MinimumVisualStudioVersion = 10.0.40219.1
Project("{FAE04EC0-301F-11D3-BF4B-00C04F79EFBC}") = "API_Automation_Demo", "API_Automation_Demo\API_Automation_Demo.csproj", "{DCA7C55A-6272-4AAA-B547-FFFD91FDE2A7}"
EndProject
Global
	GlobalSection(SolutionConfigurationPlatforms) = preSolution
		Debug|Any CPU = Debug|Any CPU
		Release|Any CPU = Release|Any CPU
	EndGlobalSection
	GlobalSection(ProjectConfigurationPlatforms) = postSolution
		{DCA7C55A-6272-4AAA-B547-FFFD91FDE2A7}.Debug|Any CPU.ActiveCfg = Debug|Any CPU
		{DCA7C55A-6272-4AAA-B547-FFFD91FDE2A7}.Debug|Any CPU.Build.0 = Debug|Any CPU
		{DCA7C55A-6272-4AAA-B547-FFFD91FDE2A7}.Release|Any CPU.ActiveCfg = Release|Any CPU
		{DCA7C55A-6272-4AAA-B547-FFFD91FDE2A7}.Release|Any CPU.Build.0 = Release|Any CPU
	EndGlobalSection
	GlobalSection(SolutionProperties) = preSolution
		HideSolutionNode = FALSE
	EndGlobalSection
	GlobalSection(ExtensibilityGlobals) = postSolution
		SolutionGuid = {480B8DD0-8C6B-4BBF-A648-47D80C1CCE84}
	EndGlobalSection
EndGlobal
